
Microsoft Visual Studio Solution File, Format Version 12.00
Project("{2150E333-8FDC-42A3-9474-1A3956D46DE8}") = "Presentation", "Presentation", "{B725893F-E7A8-43BA-B145-C207AA90A326}"
EndProject
Project("{FAE04EC0-301F-11D3-BF4B-00C04F79EFBC}") = "DesignPatterns", "DesignPatterns\DesignPatterns.csproj", "{B4EE2FA3-6EB7-46FD-B9E2-15DC406BD607}"
EndProject
Project("{2150E333-8FDC-42A3-9474-1A3956D46DE8}") = "03-Bridge-Pattern", "03-Bridge-Pattern", "{2A883E8A-2C0F-4EC9-A1F4-E4F72C2258CA}"
EndProject
Project("{2150E333-8FDC-42A3-9474-1A3956D46DE8}") = "ConsoleApp", "ConsoleApp", "{A345746D-69DA-401B-A2C1-79F7925C3C4A}"
EndProject
Project("{FAE04EC0-301F-11D3-BF4B-00C04F79EFBC}") = "Bridge-Console", "Bridge-Console\Bridge-Console.csproj", "{6A33A0CF-E6A1-4D98-AE98-CEF3E35E7D5F}"
EndProject
Project("{FAE04EC0-301F-11D3-BF4B-00C04F79EFBC}") = "Bridge-Sample", "Bridge-Sample\Bridge-Sample.csproj", "{712C265D-6353-40EC-AD49-38C7874E1895}"
EndProject
Project("{2150E333-8FDC-42A3-9474-1A3956D46DE8}") = "04-Proxy-Pattern", "04-Proxy-Pattern", "{60478DB8-977A-4AE5-956B-BFE8E315068A}"
EndProject
Project("{2150E333-8FDC-42A3-9474-1A3956D46DE8}") = "ConsoleApp", "ConsoleApp", "{CED34442-A529-46D1-B6D2-C9FCC355E0CA}"
EndProject
Project("{FAE04EC0-301F-11D3-BF4B-00C04F79EFBC}") = "Proxy-Console", "Proxy-Console\Proxy-Console.csproj", "{561F8836-0D67-48A6-AF80-7B74D34DC5D8}"
EndProject
Project("{2150E333-8FDC-42A3-9474-1A3956D46DE8}") = "05-Composite-Pattern", "05-Composite-Pattern", "{C9C8ED1F-F8AC-43EF-A53D-38CBBBD20CF5}"
EndProject
Project("{2150E333-8FDC-42A3-9474-1A3956D46DE8}") = "ConoleApp", "ConoleApp", "{020CDAFB-02E5-4727-93FE-A5E20370B90E}"
EndProject
Project("{FAE04EC0-301F-11D3-BF4B-00C04F79EFBC}") = "Composite-Console", "Composite-Console\Composite-Console.csproj", "{F2FE30FA-2B46-48EF-B590-21A8C9901660}"
EndProject
Project("{FAE04EC0-301F-11D3-BF4B-00C04F79EFBC}") = "Composite-Computer-Sample", "Composite-Computer-Sample\Composite-Computer-Sample.csproj", "{125C9C71-1D5F-4F6D-92F4-835EDDCF1094}"
EndProject
Project("{2150E333-8FDC-42A3-9474-1A3956D46DE8}") = "ClassLibrary", "ClassLibrary", "{1D1C87B8-ADDC-4CFC-ADD3-15B9A27953E7}"
EndProject
Project("{FAE04EC0-301F-11D3-BF4B-00C04F79EFBC}") = "Composite-Application", "Composite-Application\Composite-Application.csproj", "{FBA288BF-922A-45AD-B0C2-48B7B6B4E38A}"
EndProject
Project("{2150E333-8FDC-42A3-9474-1A3956D46DE8}") = "06-FlyWeight-Pattern", "06-FlyWeight-Pattern", "{F83CF412-66F2-47AC-80D8-FF479C80F426}"
EndProject
Project("{2150E333-8FDC-42A3-9474-1A3956D46DE8}") = "ConsoleApp", "ConsoleApp", "{A16D6191-C46C-429C-AD8B-6EA2E59973AA}"
EndProject
Project("{FAE04EC0-301F-11D3-BF4B-00C04F79EFBC}") = "FlyWeight-Console", "FlyWeight-Console\FlyWeight-Console.csproj", "{D4037B02-D4F6-4D1D-9E99-4E6644A769E6}"
EndProject
Project("{FAE04EC0-301F-11D3-BF4B-00C04F79EFBC}") = "FlyWeight-Soldier-Example", "FlyWeight-Soldier-Example\FlyWeight-Soldier-Example.csproj", "{977D7987-B623-4FED-8103-5A92C0FF336C}"
EndProject
Project("{2150E333-8FDC-42A3-9474-1A3956D46DE8}") = "07-Adapter-Pattern", "07-Adapter-Pattern", "{DDB2BF63-B999-4299-AC5A-71295EEA2B77}"
EndProject
Project("{2150E333-8FDC-42A3-9474-1A3956D46DE8}") = "ConsoleApp", "ConsoleApp", "{9DE73116-25EB-4ACE-9835-A7F7BD507A52}"
EndProject
Project("{FAE04EC0-301F-11D3-BF4B-00C04F79EFBC}") = "Object-Adapter-Console", "Object-Adapter-Console\Object-Adapter-Console.csproj", "{44089696-8219-4BD8-A96E-BD1F2E1FC4F7}"
EndProject
Project("{FAE04EC0-301F-11D3-BF4B-00C04F79EFBC}") = "Class-Adapter-Console", "Class-Adapter-Console\Class-Adapter-Console.csproj", "{EACE30DA-2332-4FB0-BE59-3ED66318BAD0}"
EndProject
Project("{FAE04EC0-301F-11D3-BF4B-00C04F79EFBC}") = "Adapter-Notification-Example", "Adapter-Notification-Example\Adapter-Notification-Example.csproj", "{E5F1340D-46AE-4634-B8B7-F77F77F69269}"
EndProject
Project("{2150E333-8FDC-42A3-9474-1A3956D46DE8}") = "08-Prototype-Pattern", "08-Prototype-Pattern", "{188F0801-CB50-4A83-98BF-B2E451BC4639}"
EndProject
Project("{2150E333-8FDC-42A3-9474-1A3956D46DE8}") = "ConsoleApp", "ConsoleApp", "{F786157E-F4AB-4B3D-A4E8-97BC774C40BD}"
EndProject
Project("{FAE04EC0-301F-11D3-BF4B-00C04F79EFBC}") = "Prototype-Console", "Prototype-Console\Prototype-Console.csproj", "{8C126492-BE7E-43F0-AE5C-BD158F2BF2F2}"
EndProject
Project("{2150E333-8FDC-42A3-9474-1A3956D46DE8}") = "09-Singleton-Pattern", "09-Singleton-Pattern", "{6650941F-535F-420C-BF97-B5DA697E444D}"
EndProject
Project("{2150E333-8FDC-42A3-9474-1A3956D46DE8}") = "ConsoleApp", "ConsoleApp", "{F3112760-8F9A-4A80-A7D9-A89D27B58BFD}"
EndProject
Project("{FAE04EC0-301F-11D3-BF4B-00C04F79EFBC}") = "Singleton-Console", "Singleton-Console\Singleton-Console.csproj", "{6E9B8B9E-9E94-4FFF-9988-375D5CB5ACDF}"
EndProject
Project("{2150E333-8FDC-42A3-9474-1A3956D46DE8}") = "10-FactoryMethod-Pattern", "10-FactoryMethod-Pattern", "{8689FA59-5182-4B52-A104-C7F1592A4051}"
EndProject
Project("{2150E333-8FDC-42A3-9474-1A3956D46DE8}") = "ConsoleApp", "ConsoleApp", "{171F946C-1307-491F-9381-72640DAF79F8}"
EndProject
Project("{FAE04EC0-301F-11D3-BF4B-00C04F79EFBC}") = "FactoryMethod-Console", "FactoryMethod-Console\FactoryMethod-Console.csproj", "{D094926A-87A9-4966-89A0-9A8AFB939A42}"
EndProject
Project("{FAE04EC0-301F-11D3-BF4B-00C04F79EFBC}") = "FactoryMethod-SmsSender-Example", "FactoryMethod-SmsSender-Example\FactoryMethod-SmsSender-Example.csproj", "{66D463AB-B993-4B95-812F-A50BCC57BD5E}"
EndProject
Project("{2150E333-8FDC-42A3-9474-1A3956D46DE8}") = "11-AbstractFactory-Pattern", "11-AbstractFactory-Pattern", "{17905E0D-12F5-4375-9B3B-7CF0431589C6}"
EndProject
Project("{2150E333-8FDC-42A3-9474-1A3956D46DE8}") = "ConsoleApp", "ConsoleApp", "{A3BB66D5-29F6-46C3-8EAD-D64229EF0D02}"
EndProject
Project("{FAE04EC0-301F-11D3-BF4B-00C04F79EFBC}") = "AbstractFactory-Console", "AbstractFactory-Console\AbstractFactory-Console.csproj", "{D405D96C-9B5A-4ABC-AA49-D60683169BFC}"
EndProject
Project("{2150E333-8FDC-42A3-9474-1A3956D46DE8}") = "12-Builder-Pattern", "12-Builder-Pattern", "{1CE02E22-4F94-4261-9B39-45CDE20084B6}"
EndProject
Project("{2150E333-8FDC-42A3-9474-1A3956D46DE8}") = "ConsoleApp", "ConsoleApp", "{259BF7F5-46BE-49FA-A6DB-3E507C8C9441}"
EndProject
Project("{FAE04EC0-301F-11D3-BF4B-00C04F79EFBC}") = "Builder-Console", "Builder-Console\Builder-Console.csproj", "{B5FD7B7E-3425-450F-9A66-8D5493410015}"
EndProject
Project("{2150E333-8FDC-42A3-9474-1A3956D46DE8}") = "13-Strategy-Pattern", "13-Strategy-Pattern", "{2FB7C769-B56C-492A-9565-3BBB0127B31E}"
EndProject
Project("{2150E333-8FDC-42A3-9474-1A3956D46DE8}") = "ConsoleApp", "ConsoleApp", "{1646CB4B-1F3A-49DC-A46E-C63C96BC27A7}"
EndProject
Project("{FAE04EC0-301F-11D3-BF4B-00C04F79EFBC}") = "Strategy-Console", "Strategy-Console\Strategy-Console.csproj", "{11B0DEE0-C5E6-4F8D-AB89-E78A3C55061E}"
EndProject
Global
	GlobalSection(SolutionConfigurationPlatforms) = preSolution
		Debug|Any CPU = Debug|Any CPU
		Release|Any CPU = Release|Any CPU
	EndGlobalSection
	GlobalSection(NestedProjects) = preSolution
		{B4EE2FA3-6EB7-46FD-B9E2-15DC406BD607} = {B725893F-E7A8-43BA-B145-C207AA90A326}
		{A345746D-69DA-401B-A2C1-79F7925C3C4A} = {2A883E8A-2C0F-4EC9-A1F4-E4F72C2258CA}
		{6A33A0CF-E6A1-4D98-AE98-CEF3E35E7D5F} = {A345746D-69DA-401B-A2C1-79F7925C3C4A}
		{712C265D-6353-40EC-AD49-38C7874E1895} = {A345746D-69DA-401B-A2C1-79F7925C3C4A}
		{CED34442-A529-46D1-B6D2-C9FCC355E0CA} = {60478DB8-977A-4AE5-956B-BFE8E315068A}
		{561F8836-0D67-48A6-AF80-7B74D34DC5D8} = {CED34442-A529-46D1-B6D2-C9FCC355E0CA}
		{020CDAFB-02E5-4727-93FE-A5E20370B90E} = {C9C8ED1F-F8AC-43EF-A53D-38CBBBD20CF5}
		{F2FE30FA-2B46-48EF-B590-21A8C9901660} = {020CDAFB-02E5-4727-93FE-A5E20370B90E}
		{125C9C71-1D5F-4F6D-92F4-835EDDCF1094} = {020CDAFB-02E5-4727-93FE-A5E20370B90E}
		{1D1C87B8-ADDC-4CFC-ADD3-15B9A27953E7} = {C9C8ED1F-F8AC-43EF-A53D-38CBBBD20CF5}
		{FBA288BF-922A-45AD-B0C2-48B7B6B4E38A} = {1D1C87B8-ADDC-4CFC-ADD3-15B9A27953E7}
		{A16D6191-C46C-429C-AD8B-6EA2E59973AA} = {F83CF412-66F2-47AC-80D8-FF479C80F426}
		{D4037B02-D4F6-4D1D-9E99-4E6644A769E6} = {A16D6191-C46C-429C-AD8B-6EA2E59973AA}
		{977D7987-B623-4FED-8103-5A92C0FF336C} = {A16D6191-C46C-429C-AD8B-6EA2E59973AA}
		{9DE73116-25EB-4ACE-9835-A7F7BD507A52} = {DDB2BF63-B999-4299-AC5A-71295EEA2B77}
		{44089696-8219-4BD8-A96E-BD1F2E1FC4F7} = {9DE73116-25EB-4ACE-9835-A7F7BD507A52}
		{EACE30DA-2332-4FB0-BE59-3ED66318BAD0} = {9DE73116-25EB-4ACE-9835-A7F7BD507A52}
		{E5F1340D-46AE-4634-B8B7-F77F77F69269} = {9DE73116-25EB-4ACE-9835-A7F7BD507A52}
		{F786157E-F4AB-4B3D-A4E8-97BC774C40BD} = {188F0801-CB50-4A83-98BF-B2E451BC4639}
		{8C126492-BE7E-43F0-AE5C-BD158F2BF2F2} = {F786157E-F4AB-4B3D-A4E8-97BC774C40BD}
		{F3112760-8F9A-4A80-A7D9-A89D27B58BFD} = {6650941F-535F-420C-BF97-B5DA697E444D}
		{6E9B8B9E-9E94-4FFF-9988-375D5CB5ACDF} = {F3112760-8F9A-4A80-A7D9-A89D27B58BFD}
		{171F946C-1307-491F-9381-72640DAF79F8} = {8689FA59-5182-4B52-A104-C7F1592A4051}
		{D094926A-87A9-4966-89A0-9A8AFB939A42} = {171F946C-1307-491F-9381-72640DAF79F8}
		{66D463AB-B993-4B95-812F-A50BCC57BD5E} = {171F946C-1307-491F-9381-72640DAF79F8}
		{A3BB66D5-29F6-46C3-8EAD-D64229EF0D02} = {17905E0D-12F5-4375-9B3B-7CF0431589C6}
		{D405D96C-9B5A-4ABC-AA49-D60683169BFC} = {A3BB66D5-29F6-46C3-8EAD-D64229EF0D02}
		{259BF7F5-46BE-49FA-A6DB-3E507C8C9441} = {1CE02E22-4F94-4261-9B39-45CDE20084B6}
		{B5FD7B7E-3425-450F-9A66-8D5493410015} = {259BF7F5-46BE-49FA-A6DB-3E507C8C9441}
		{1646CB4B-1F3A-49DC-A46E-C63C96BC27A7} = {2FB7C769-B56C-492A-9565-3BBB0127B31E}
		{11B0DEE0-C5E6-4F8D-AB89-E78A3C55061E} = {1646CB4B-1F3A-49DC-A46E-C63C96BC27A7}
	EndGlobalSection
	GlobalSection(ProjectConfigurationPlatforms) = postSolution
		{B4EE2FA3-6EB7-46FD-B9E2-15DC406BD607}.Debug|Any CPU.ActiveCfg = Debug|Any CPU
		{B4EE2FA3-6EB7-46FD-B9E2-15DC406BD607}.Debug|Any CPU.Build.0 = Debug|Any CPU
		{B4EE2FA3-6EB7-46FD-B9E2-15DC406BD607}.Release|Any CPU.ActiveCfg = Release|Any CPU
		{B4EE2FA3-6EB7-46FD-B9E2-15DC406BD607}.Release|Any CPU.Build.0 = Release|Any CPU
		{6A33A0CF-E6A1-4D98-AE98-CEF3E35E7D5F}.Debug|Any CPU.ActiveCfg = Debug|Any CPU
		{6A33A0CF-E6A1-4D98-AE98-CEF3E35E7D5F}.Debug|Any CPU.Build.0 = Debug|Any CPU
		{6A33A0CF-E6A1-4D98-AE98-CEF3E35E7D5F}.Release|Any CPU.ActiveCfg = Release|Any CPU
		{6A33A0CF-E6A1-4D98-AE98-CEF3E35E7D5F}.Release|Any CPU.Build.0 = Release|Any CPU
		{712C265D-6353-40EC-AD49-38C7874E1895}.Debug|Any CPU.ActiveCfg = Debug|Any CPU
		{712C265D-6353-40EC-AD49-38C7874E1895}.Debug|Any CPU.Build.0 = Debug|Any CPU
		{712C265D-6353-40EC-AD49-38C7874E1895}.Release|Any CPU.ActiveCfg = Release|Any CPU
		{712C265D-6353-40EC-AD49-38C7874E1895}.Release|Any CPU.Build.0 = Release|Any CPU
		{561F8836-0D67-48A6-AF80-7B74D34DC5D8}.Debug|Any CPU.ActiveCfg = Debug|Any CPU
		{561F8836-0D67-48A6-AF80-7B74D34DC5D8}.Debug|Any CPU.Build.0 = Debug|Any CPU
		{561F8836-0D67-48A6-AF80-7B74D34DC5D8}.Release|Any CPU.ActiveCfg = Release|Any CPU
		{561F8836-0D67-48A6-AF80-7B74D34DC5D8}.Release|Any CPU.Build.0 = Release|Any CPU
		{F2FE30FA-2B46-48EF-B590-21A8C9901660}.Debug|Any CPU.ActiveCfg = Debug|Any CPU
		{F2FE30FA-2B46-48EF-B590-21A8C9901660}.Debug|Any CPU.Build.0 = Debug|Any CPU
		{F2FE30FA-2B46-48EF-B590-21A8C9901660}.Release|Any CPU.ActiveCfg = Release|Any CPU
		{F2FE30FA-2B46-48EF-B590-21A8C9901660}.Release|Any CPU.Build.0 = Release|Any CPU
		{125C9C71-1D5F-4F6D-92F4-835EDDCF1094}.Debug|Any CPU.ActiveCfg = Debug|Any CPU
		{125C9C71-1D5F-4F6D-92F4-835EDDCF1094}.Debug|Any CPU.Build.0 = Debug|Any CPU
		{125C9C71-1D5F-4F6D-92F4-835EDDCF1094}.Release|Any CPU.ActiveCfg = Release|Any CPU
		{125C9C71-1D5F-4F6D-92F4-835EDDCF1094}.Release|Any CPU.Build.0 = Release|Any CPU
		{FBA288BF-922A-45AD-B0C2-48B7B6B4E38A}.Debug|Any CPU.ActiveCfg = Debug|Any CPU
		{FBA288BF-922A-45AD-B0C2-48B7B6B4E38A}.Debug|Any CPU.Build.0 = Debug|Any CPU
		{FBA288BF-922A-45AD-B0C2-48B7B6B4E38A}.Release|Any CPU.ActiveCfg = Release|Any CPU
		{FBA288BF-922A-45AD-B0C2-48B7B6B4E38A}.Release|Any CPU.Build.0 = Release|Any CPU
		{D4037B02-D4F6-4D1D-9E99-4E6644A769E6}.Debug|Any CPU.ActiveCfg = Debug|Any CPU
		{D4037B02-D4F6-4D1D-9E99-4E6644A769E6}.Debug|Any CPU.Build.0 = Debug|Any CPU
		{D4037B02-D4F6-4D1D-9E99-4E6644A769E6}.Release|Any CPU.ActiveCfg = Release|Any CPU
		{D4037B02-D4F6-4D1D-9E99-4E6644A769E6}.Release|Any CPU.Build.0 = Release|Any CPU
		{977D7987-B623-4FED-8103-5A92C0FF336C}.Debug|Any CPU.ActiveCfg = Debug|Any CPU
		{977D7987-B623-4FED-8103-5A92C0FF336C}.Debug|Any CPU.Build.0 = Debug|Any CPU
		{977D7987-B623-4FED-8103-5A92C0FF336C}.Release|Any CPU.ActiveCfg = Release|Any CPU
		{977D7987-B623-4FED-8103-5A92C0FF336C}.Release|Any CPU.Build.0 = Release|Any CPU
		{44089696-8219-4BD8-A96E-BD1F2E1FC4F7}.Debug|Any CPU.ActiveCfg = Debug|Any CPU
		{44089696-8219-4BD8-A96E-BD1F2E1FC4F7}.Debug|Any CPU.Build.0 = Debug|Any CPU
		{44089696-8219-4BD8-A96E-BD1F2E1FC4F7}.Release|Any CPU.ActiveCfg = Release|Any CPU
		{44089696-8219-4BD8-A96E-BD1F2E1FC4F7}.Release|Any CPU.Build.0 = Release|Any CPU
		{EACE30DA-2332-4FB0-BE59-3ED66318BAD0}.Debug|Any CPU.ActiveCfg = Debug|Any CPU
		{EACE30DA-2332-4FB0-BE59-3ED66318BAD0}.Debug|Any CPU.Build.0 = Debug|Any CPU
		{EACE30DA-2332-4FB0-BE59-3ED66318BAD0}.Release|Any CPU.ActiveCfg = Release|Any CPU
		{EACE30DA-2332-4FB0-BE59-3ED66318BAD0}.Release|Any CPU.Build.0 = Release|Any CPU
		{E5F1340D-46AE-4634-B8B7-F77F77F69269}.Debug|Any CPU.ActiveCfg = Debug|Any CPU
		{E5F1340D-46AE-4634-B8B7-F77F77F69269}.Debug|Any CPU.Build.0 = Debug|Any CPU
		{E5F1340D-46AE-4634-B8B7-F77F77F69269}.Release|Any CPU.ActiveCfg = Release|Any CPU
		{E5F1340D-46AE-4634-B8B7-F77F77F69269}.Release|Any CPU.Build.0 = Release|Any CPU
		{8C126492-BE7E-43F0-AE5C-BD158F2BF2F2}.Debug|Any CPU.ActiveCfg = Debug|Any CPU
		{8C126492-BE7E-43F0-AE5C-BD158F2BF2F2}.Debug|Any CPU.Build.0 = Debug|Any CPU
		{8C126492-BE7E-43F0-AE5C-BD158F2BF2F2}.Release|Any CPU.ActiveCfg = Release|Any CPU
		{8C126492-BE7E-43F0-AE5C-BD158F2BF2F2}.Release|Any CPU.Build.0 = Release|Any CPU
		{6E9B8B9E-9E94-4FFF-9988-375D5CB5ACDF}.Debug|Any CPU.ActiveCfg = Debug|Any CPU
		{6E9B8B9E-9E94-4FFF-9988-375D5CB5ACDF}.Debug|Any CPU.Build.0 = Debug|Any CPU
		{6E9B8B9E-9E94-4FFF-9988-375D5CB5ACDF}.Release|Any CPU.ActiveCfg = Release|Any CPU
		{6E9B8B9E-9E94-4FFF-9988-375D5CB5ACDF}.Release|Any CPU.Build.0 = Release|Any CPU
		{D094926A-87A9-4966-89A0-9A8AFB939A42}.Debug|Any CPU.ActiveCfg = Debug|Any CPU
		{D094926A-87A9-4966-89A0-9A8AFB939A42}.Debug|Any CPU.Build.0 = Debug|Any CPU
		{D094926A-87A9-4966-89A0-9A8AFB939A42}.Release|Any CPU.ActiveCfg = Release|Any CPU
		{D094926A-87A9-4966-89A0-9A8AFB939A42}.Release|Any CPU.Build.0 = Release|Any CPU
		{66D463AB-B993-4B95-812F-A50BCC57BD5E}.Debug|Any CPU.ActiveCfg = Debug|Any CPU
		{66D463AB-B993-4B95-812F-A50BCC57BD5E}.Debug|Any CPU.Build.0 = Debug|Any CPU
		{66D463AB-B993-4B95-812F-A50BCC57BD5E}.Release|Any CPU.ActiveCfg = Release|Any CPU
		{66D463AB-B993-4B95-812F-A50BCC57BD5E}.Release|Any CPU.Build.0 = Release|Any CPU
		{D405D96C-9B5A-4ABC-AA49-D60683169BFC}.Debug|Any CPU.ActiveCfg = Debug|Any CPU
		{D405D96C-9B5A-4ABC-AA49-D60683169BFC}.Debug|Any CPU.Build.0 = Debug|Any CPU
		{D405D96C-9B5A-4ABC-AA49-D60683169BFC}.Release|Any CPU.ActiveCfg = Release|Any CPU
		{D405D96C-9B5A-4ABC-AA49-D60683169BFC}.Release|Any CPU.Build.0 = Release|Any CPU
		{B5FD7B7E-3425-450F-9A66-8D5493410015}.Debug|Any CPU.ActiveCfg = Debug|Any CPU
		{B5FD7B7E-3425-450F-9A66-8D5493410015}.Debug|Any CPU.Build.0 = Debug|Any CPU
		{B5FD7B7E-3425-450F-9A66-8D5493410015}.Release|Any CPU.ActiveCfg = Release|Any CPU
		{B5FD7B7E-3425-450F-9A66-8D5493410015}.Release|Any CPU.Build.0 = Release|Any CPU
		{11B0DEE0-C5E6-4F8D-AB89-E78A3C55061E}.Debug|Any CPU.ActiveCfg = Debug|Any CPU
		{11B0DEE0-C5E6-4F8D-AB89-E78A3C55061E}.Debug|Any CPU.Build.0 = Debug|Any CPU
		{11B0DEE0-C5E6-4F8D-AB89-E78A3C55061E}.Release|Any CPU.ActiveCfg = Release|Any CPU
		{11B0DEE0-C5E6-4F8D-AB89-E78A3C55061E}.Release|Any CPU.Build.0 = Release|Any CPU
	EndGlobalSection
EndGlobal
